
Microsoft Visual Studio Solution File, Format Version 12.00
# Visual Studio Version 16
VisualStudioVersion = 16.0.28724.11
MinimumVisualStudioVersion = 10.0.40219.1
Project("{FAE04EC0-301F-11D3-BF4B-00C04F79EFBC}") = "TicTacToe.Android", "TicTacToe\TicTacToe.Android\TicTacToe.Android.csproj", "{A6A75807-6AE4-4891-9106-13E8AD8C9ACA}"
EndProject
Project("{FAE04EC0-301F-11D3-BF4B-00C04F79EFBC}") = "TicTacToe.iOS", "TicTacToe\TicTacToe.iOS\TicTacToe.iOS.csproj", "{A7963532-50C5-4F00-8225-068F14088E04}"
EndProject
Project("{FAE04EC0-301F-11D3-BF4B-00C04F79EFBC}") = "TicTacToe.UWP", "TicTacToe\TicTacToe.UWP\TicTacToe.UWP.csproj", "{032A5835-FBF3-4153-935D-7592A7B252F2}"
EndProject
Project("{9A19103F-16F7-4668-BE54-9A1E7A4F7556}") = "TicTacToe", "TicTacToe\TicTacToe\TicTacToe.csproj", "{D94069F2-19A2-4CDB-A9F0-093FDF719429}"
EndProject
Global
	GlobalSection(SolutionConfigurationPlatforms) = preSolution
		Debug|Any CPU = Debug|Any CPU
		Debug|ARM = Debug|ARM
		Debug|iPhone = Debug|iPhone
		Debug|iPhoneSimulator = Debug|iPhoneSimulator
		Debug|x64 = Debug|x64
		Debug|x86 = Debug|x86
		Release|Any CPU = Release|Any CPU
		Release|ARM = Release|ARM
		Release|iPhone = Release|iPhone
		Release|iPhoneSimulator = Release|iPhoneSimulator
		Release|x64 = Release|x64
		Release|x86 = Release|x86
	EndGlobalSection
	GlobalSection(ProjectConfigurationPlatforms) = postSolution
		{A6A75807-6AE4-4891-9106-13E8AD8C9ACA}.Debug|Any CPU.ActiveCfg = Debug|Any CPU
		{A6A75807-6AE4-4891-9106-13E8AD8C9ACA}.Debug|Any CPU.Build.0 = Debug|Any CPU
		{A6A75807-6AE4-4891-9106-13E8AD8C9ACA}.Debug|Any CPU.Deploy.0 = Debug|Any CPU
		{A6A75807-6AE4-4891-9106-13E8AD8C9ACA}.Debug|ARM.ActiveCfg = Debug|Any CPU
		{A6A75807-6AE4-4891-9106-13E8AD8C9ACA}.Debug|ARM.Build.0 = Debug|Any CPU
		{A6A75807-6AE4-4891-9106-13E8AD8C9ACA}.Debug|ARM.Deploy.0 = Debug|Any CPU
		{A6A75807-6AE4-4891-9106-13E8AD8C9ACA}.Debug|iPhone.ActiveCfg = Debug|Any CPU
		{A6A75807-6AE4-4891-9106-13E8AD8C9ACA}.Debug|iPhone.Build.0 = Debug|Any CPU
		{A6A75807-6AE4-4891-9106-13E8AD8C9ACA}.Debug|iPhone.Deploy.0 = Debug|Any CPU
		{A6A75807-6AE4-4891-9106-13E8AD8C9ACA}.Debug|iPhoneSimulator.ActiveCfg = Debug|Any CPU
		{A6A75807-6AE4-4891-9106-13E8AD8C9ACA}.Debug|iPhoneSimulator.Build.0 = Debug|Any CPU
		{A6A75807-6AE4-4891-9106-13E8AD8C9ACA}.Debug|iPhoneSimulator.Deploy.0 = Debug|Any CPU
		{A6A75807-6AE4-4891-9106-13E8AD8C9ACA}.Debug|x64.ActiveCfg = Debug|Any CPU
		{A6A75807-6AE4-4891-9106-13E8AD8C9ACA}.Debug|x64.Build.0 = Debug|Any CPU
		{A6A75807-6AE4-4891-9106-13E8AD8C9ACA}.Debug|x64.Deploy.0 = Debug|Any CPU
		{A6A75807-6AE4-4891-9106-13E8AD8C9ACA}.Debug|x86.ActiveCfg = Debug|Any CPU
		{A6A75807-6AE4-4891-9106-13E8AD8C9ACA}.Debug|x86.Build.0 = Debug|Any CPU
		{A6A75807-6AE4-4891-9106-13E8AD8C9ACA}.Debug|x86.Deploy.0 = Debug|Any CPU
		{A6A75807-6AE4-4891-9106-13E8AD8C9ACA}.Release|Any CPU.ActiveCfg = Release|Any CPU
		{A6A75807-6AE4-4891-9106-13E8AD8C9ACA}.Release|Any CPU.Build.0 = Release|Any CPU
		{A6A75807-6AE4-4891-9106-13E8AD8C9ACA}.Release|Any CPU.Deploy.0 = Release|Any CPU
		{A6A75807-6AE4-4891-9106-13E8AD8C9ACA}.Release|ARM.ActiveCfg = Release|Any CPU
		{A6A75807-6AE4-4891-9106-13E8AD8C9ACA}.Release|ARM.Build.0 = Release|Any CPU
		{A6A75807-6AE4-4891-9106-13E8AD8C9ACA}.Release|ARM.Deploy.0 = Release|Any CPU
		{A6A75807-6AE4-4891-9106-13E8AD8C9ACA}.Release|iPhone.ActiveCfg = Release|Any CPU
		{A6A75807-6AE4-4891-9106-13E8AD8C9ACA}.Release|iPhone.Build.0 = Release|Any CPU
		{A6A75807-6AE4-4891-9106-13E8AD8C9ACA}.Release|iPhone.Deploy.0 = Release|Any CPU
		{A6A75807-6AE4-4891-9106-13E8AD8C9ACA}.Release|iPhoneSimulator.ActiveCfg = Release|Any CPU
		{A6A75807-6AE4-4891-9106-13E8AD8C9ACA}.Release|iPhoneSimulator.Build.0 = Release|Any CPU
		{A6A75807-6AE4-4891-9106-13E8AD8C9ACA}.Release|iPhoneSimulator.Deploy.0 = Release|Any CPU
		{A6A75807-6AE4-4891-9106-13E8AD8C9ACA}.Release|x64.ActiveCfg = Release|Any CPU
		{A6A75807-6AE4-4891-9106-13E8AD8C9ACA}.Release|x64.Build.0 = Release|Any CPU
		{A6A75807-6AE4-4891-9106-13E8AD8C9ACA}.Release|x64.Deploy.0 = Release|Any CPU
		{A6A75807-6AE4-4891-9106-13E8AD8C9ACA}.Release|x86.ActiveCfg = Release|Any CPU
		{A6A75807-6AE4-4891-9106-13E8AD8C9ACA}.Release|x86.Build.0 = Release|Any CPU
		{A6A75807-6AE4-4891-9106-13E8AD8C9ACA}.Release|x86.Deploy.0 = Release|Any CPU
		{A7963532-50C5-4F00-8225-068F14088E04}.Debug|Any CPU.ActiveCfg = Debug|iPhoneSimulator
		{A7963532-50C5-4F00-8225-068F14088E04}.Debug|Any CPU.Build.0 = Debug|iPhoneSimulator
		{A7963532-50C5-4F00-8225-068F14088E04}.Debug|Any CPU.Deploy.0 = Debug|iPhoneSimulator
		{A7963532-50C5-4F00-8225-068F14088E04}.Debug|ARM.ActiveCfg = Debug|iPhone
		{A7963532-50C5-4F00-8225-068F14088E04}.Debug|ARM.Build.0 = Debug|iPhone
		{A7963532-50C5-4F00-8225-068F14088E04}.Debug|ARM.Deploy.0 = Debug|iPhone
		{A7963532-50C5-4F00-8225-068F14088E04}.Debug|iPhone.ActiveCfg = Debug|iPhone
		{A7963532-50C5-4F00-8225-068F14088E04}.Debug|iPhone.Build.0 = Debug|iPhone
		{A7963532-50C5-4F00-8225-068F14088E04}.Debug|iPhone.Deploy.0 = Debug|iPhone
		{A7963532-50C5-4F00-8225-068F14088E04}.Debug|iPhoneSimulator.ActiveCfg = Debug|iPhoneSimulator
		{A7963532-50C5-4F00-8225-068F14088E04}.Debug|iPhoneSimulator.Build.0 = Debug|iPhoneSimulator
		{A7963532-50C5-4F00-8225-068F14088E04}.Debug|iPhoneSimulator.Deploy.0 = Debug|iPhoneSimulator
		{A7963532-50C5-4F00-8225-068F14088E04}.Debug|x64.ActiveCfg = Debug|iPhoneSimulator
		{A7963532-50C5-4F00-8225-068F14088E04}.Debug|x64.Build.0 = Debug|iPhoneSimulator
		{A7963532-50C5-4F00-8225-068F14088E04}.Debug|x64.Deploy.0 = Debug|iPhoneSimulator
		{A7963532-50C5-4F00-8225-068F14088E04}.Debug|x86.ActiveCfg = Debug|iPhoneSimulator
		{A7963532-50C5-4F00-8225-068F14088E04}.Debug|x86.Build.0 = Debug|iPhoneSimulator
		{A7963532-50C5-4F00-8225-068F14088E04}.Debug|x86.Deploy.0 = Debug|iPhoneSimulator
		{A7963532-50C5-4F00-8225-068F14088E04}.Release|Any CPU.ActiveCfg = Release|iPhoneSimulator
		{A7963532-50C5-4F00-8225-068F14088E04}.Release|Any CPU.Build.0 = Release|iPhoneSimulator
		{A7963532-50C5-4F00-8225-068F14088E04}.Release|Any CPU.Deploy.0 = Release|iPhoneSimulator
		{A7963532-50C5-4F00-8225-068F14088E04}.Release|ARM.ActiveCfg = Release|iPhone
		{A7963532-50C5-4F00-8225-068F14088E04}.Release|ARM.Build.0 = Release|iPhone
		{A7963532-50C5-4F00-8225-068F14088E04}.Release|ARM.Deploy.0 = Release|iPhone
		{A7963532-50C5-4F00-8225-068F14088E04}.Release|iPhone.ActiveCfg = Release|iPhone
		{A7963532-50C5-4F00-8225-068F14088E04}.Release|iPhone.Build.0 = Release|iPhone
		{A7963532-50C5-4F00-8225-068F14088E04}.Release|iPhone.Deploy.0 = Release|iPhone
		{A7963532-50C5-4F00-8225-068F14088E04}.Release|iPhoneSimulator.ActiveCfg = Release|iPhoneSimulator
		{A7963532-50C5-4F00-8225-068F14088E04}.Release|iPhoneSimulator.Build.0 = Release|iPhoneSimulator
		{A7963532-50C5-4F00-8225-068F14088E04}.Release|iPhoneSimulator.Deploy.0 = Release|iPhoneSimulator
		{A7963532-50C5-4F00-8225-068F14088E04}.Release|x64.ActiveCfg = Release|iPhoneSimulator
		{A7963532-50C5-4F00-8225-068F14088E04}.Release|x64.Build.0 = Release|iPhoneSimulator
		{A7963532-50C5-4F00-8225-068F14088E04}.Release|x64.Deploy.0 = Release|iPhoneSimulator
		{A7963532-50C5-4F00-8225-068F14088E04}.Release|x86.ActiveCfg = Release|iPhoneSimulator
		{A7963532-50C5-4F00-8225-068F14088E04}.Release|x86.Build.0 = Release|iPhoneSimulator
		{A7963532-50C5-4F00-8225-068F14088E04}.Release|x86.Deploy.0 = Release|iPhoneSimulator
		{032A5835-FBF3-4153-935D-7592A7B252F2}.Debug|Any CPU.ActiveCfg = Debug|x86
		{032A5835-FBF3-4153-935D-7592A7B252F2}.Debug|Any CPU.Build.0 = Debug|x86
		{032A5835-FBF3-4153-935D-7592A7B252F2}.Debug|Any CPU.Deploy.0 = Debug|x86
		{032A5835-FBF3-4153-935D-7592A7B252F2}.Debug|ARM.ActiveCfg = Debug|ARM
		{032A5835-FBF3-4153-935D-7592A7B252F2}.Debug|ARM.Build.0 = Debug|ARM
		{032A5835-FBF3-4153-935D-7592A7B252F2}.Debug|ARM.Deploy.0 = Debug|ARM
		{032A5835-FBF3-4153-935D-7592A7B252F2}.Debug|iPhone.ActiveCfg = Debug|ARM
		{032A5835-FBF3-4153-935D-7592A7B252F2}.Debug|iPhone.Build.0 = Debug|ARM
		{032A5835-FBF3-4153-935D-7592A7B252F2}.Debug|iPhone.Deploy.0 = Debug|ARM
		{032A5835-FBF3-4153-935D-7592A7B252F2}.Debug|iPhoneSimulator.ActiveCfg = Debug|x86
		{032A5835-FBF3-4153-935D-7592A7B252F2}.Debug|iPhoneSimulator.Build.0 = Debug|x86
		{032A5835-FBF3-4153-935D-7592A7B252F2}.Debug|iPhoneSimulator.Deploy.0 = Debug|x86
		{032A5835-FBF3-4153-935D-7592A7B252F2}.Debug|x64.ActiveCfg = Debug|x64
		{032A5835-FBF3-4153-935D-7592A7B252F2}.Debug|x64.Build.0 = Debug|x64
		{032A5835-FBF3-4153-935D-7592A7B252F2}.Debug|x64.Deploy.0 = Debug|x64
		{032A5835-FBF3-4153-935D-7592A7B252F2}.Debug|x86.ActiveCfg = Debug|x86
		{032A5835-FBF3-4153-935D-7592A7B252F2}.Debug|x86.Build.0 = Debug|x86
		{032A5835-FBF3-4153-935D-7592A7B252F2}.Debug|x86.Deploy.0 = Debug|x86
		{032A5835-FBF3-4153-935D-7592A7B252F2}.Release|Any CPU.ActiveCfg = Release|x86
		{032A5835-FBF3-4153-935D-7592A7B252F2}.Release|Any CPU.Build.0 = Release|x86
		{032A5835-FBF3-4153-935D-7592A7B252F2}.Release|Any CPU.Deploy.0 = Release|x86
		{032A5835-FBF3-4153-935D-7592A7B252F2}.Release|ARM.ActiveCfg = Release|ARM
		{032A5835-FBF3-4153-935D-7592A7B252F2}.Release|ARM.Build.0 = Release|ARM
		{032A5835-FBF3-4153-935D-7592A7B252F2}.Release|ARM.Deploy.0 = Release|ARM
		{032A5835-FBF3-4153-935D-7592A7B252F2}.Release|iPhone.ActiveCfg = Release|ARM
		{032A5835-FBF3-4153-935D-7592A7B252F2}.Release|iPhone.Build.0 = Release|ARM
		{032A5835-FBF3-4153-935D-7592A7B252F2}.Release|iPhone.Deploy.0 = Release|ARM
		{032A5835-FBF3-4153-935D-7592A7B252F2}.Release|iPhoneSimulator.ActiveCfg = Release|x86
		{032A5835-FBF3-4153-935D-7592A7B252F2}.Release|iPhoneSimulator.Build.0 = Release|x86
		{032A5835-FBF3-4153-935D-7592A7B252F2}.Release|iPhoneSimulator.Deploy.0 = Release|x86
		{032A5835-FBF3-4153-935D-7592A7B252F2}.Release|x64.ActiveCfg = Release|x64
		{032A5835-FBF3-4153-935D-7592A7B252F2}.Release|x64.Build.0 = Release|x64
		{032A5835-FBF3-4153-935D-7592A7B252F2}.Release|x64.Deploy.0 = Release|x64
		{032A5835-FBF3-4153-935D-7592A7B252F2}.Release|x86.ActiveCfg = Release|x86
		{032A5835-FBF3-4153-935D-7592A7B252F2}.Release|x86.Build.0 = Release|x86
		{032A5835-FBF3-4153-935D-7592A7B252F2}.Release|x86.Deploy.0 = Release|x86
		{D94069F2-19A2-4CDB-A9F0-093FDF719429}.Debug|Any CPU.ActiveCfg = Debug|Any CPU
		{D94069F2-19A2-4CDB-A9F0-093FDF719429}.Debug|Any CPU.Build.0 = Debug|Any CPU
		{D94069F2-19A2-4CDB-A9F0-093FDF719429}.Debug|Any CPU.Deploy.0 = Debug|Any CPU
		{D94069F2-19A2-4CDB-A9F0-093FDF719429}.Debug|ARM.ActiveCfg = Debug|Any CPU
		{D94069F2-19A2-4CDB-A9F0-093FDF719429}.Debug|ARM.Build.0 = Debug|Any CPU
		{D94069F2-19A2-4CDB-A9F0-093FDF719429}.Debug|ARM.Deploy.0 = Debug|Any CPU
		{D94069F2-19A2-4CDB-A9F0-093FDF719429}.Debug|iPhone.ActiveCfg = Debug|Any CPU
		{D94069F2-19A2-4CDB-A9F0-093FDF719429}.Debug|iPhone.Build.0 = Debug|Any CPU
		{D94069F2-19A2-4CDB-A9F0-093FDF719429}.Debug|iPhone.Deploy.0 = Debug|Any CPU
		{D94069F2-19A2-4CDB-A9F0-093FDF719429}.Debug|iPhoneSimulator.ActiveCfg = Debug|Any CPU
		{D94069F2-19A2-4CDB-A9F0-093FDF719429}.Debug|iPhoneSimulator.Build.0 = Debug|Any CPU
		{D94069F2-19A2-4CDB-A9F0-093FDF719429}.Debug|iPhoneSimulator.Deploy.0 = Debug|Any CPU
		{D94069F2-19A2-4CDB-A9F0-093FDF719429}.Debug|x64.ActiveCfg = Debug|Any CPU
		{D94069F2-19A2-4CDB-A9F0-093FDF719429}.Debug|x64.Build.0 = Debug|Any CPU
		{D94069F2-19A2-4CDB-A9F0-093FDF719429}.Debug|x64.Deploy.0 = Debug|Any CPU
		{D94069F2-19A2-4CDB-A9F0-093FDF719429}.Debug|x86.ActiveCfg = Debug|Any CPU
		{D94069F2-19A2-4CDB-A9F0-093FDF719429}.Debug|x86.Build.0 = Debug|Any CPU
		{D94069F2-19A2-4CDB-A9F0-093FDF719429}.Debug|x86.Deploy.0 = Debug|Any CPU
		{D94069F2-19A2-4CDB-A9F0-093FDF719429}.Release|Any CPU.ActiveCfg = Release|Any CPU
		{D94069F2-19A2-4CDB-A9F0-093FDF719429}.Release|Any CPU.Build.0 = Release|Any CPU
		{D94069F2-19A2-4CDB-A9F0-093FDF719429}.Release|Any CPU.Deploy.0 = Release|Any CPU
		{D94069F2-19A2-4CDB-A9F0-093FDF719429}.Release|ARM.ActiveCfg = Release|Any CPU
		{D94069F2-19A2-4CDB-A9F0-093FDF719429}.Release|ARM.Build.0 = Release|Any CPU
		{D94069F2-19A2-4CDB-A9F0-093FDF719429}.Release|ARM.Deploy.0 = Release|Any CPU
		{D94069F2-19A2-4CDB-A9F0-093FDF719429}.Release|iPhone.ActiveCfg = Release|Any CPU
		{D94069F2-19A2-4CDB-A9F0-093FDF719429}.Release|iPhone.Build.0 = Release|Any CPU
		{D94069F2-19A2-4CDB-A9F0-093FDF719429}.Release|iPhone.Deploy.0 = Release|Any CPU
		{D94069F2-19A2-4CDB-A9F0-093FDF719429}.Release|iPhoneSimulator.ActiveCfg = Release|Any CPU
		{D94069F2-19A2-4CDB-A9F0-093FDF719429}.Release|iPhoneSimulator.Build.0 = Release|Any CPU
		{D94069F2-19A2-4CDB-A9F0-093FDF719429}.Release|iPhoneSimulator.Deploy.0 = Release|Any CPU
		{D94069F2-19A2-4CDB-A9F0-093FDF719429}.Release|x64.ActiveCfg = Release|Any CPU
		{D94069F2-19A2-4CDB-A9F0-093FDF719429}.Release|x64.Build.0 = Release|Any CPU
		{D94069F2-19A2-4CDB-A9F0-093FDF719429}.Release|x64.Deploy.0 = Release|Any CPU
		{D94069F2-19A2-4CDB-A9F0-093FDF719429}.Release|x86.ActiveCfg = Release|Any CPU
		{D94069F2-19A2-4CDB-A9F0-093FDF719429}.Release|x86.Build.0 = Release|Any CPU
		{D94069F2-19A2-4CDB-A9F0-093FDF719429}.Release|x86.Deploy.0 = Release|Any CPU
	EndGlobalSection
	GlobalSection(SolutionProperties) = preSolution
		HideSolutionNode = FALSE
	EndGlobalSection
	GlobalSection(ExtensibilityGlobals) = postSolution
		SolutionGuid = {DD18C57E-0924-4BA0-BB0B-2CB213955E56}
	EndGlobalSection
EndGlobal
